
Microsoft Visual Studio Solution File, Format Version 12.00
# Visual Studio Version 17
VisualStudioVersion = 17.10.35122.118
MinimumVisualStudioVersion = 10.0.40219.1
Project("{FAE04EC0-301F-11D3-BF4B-00C04F79EFBC}") = "Assess2", "Assess2.csproj", "{84A81651-C43C-4B47-A94D-20E48F92D653}"
EndProject
Global
	GlobalSection(SolutionConfigurationPlatforms) = preSolution
		Debug|Any CPU = Debug|Any CPU
		Release|Any CPU = Release|Any CPU
	EndGlobalSection
	GlobalSection(ProjectConfigurationPlatforms) = postSolution
		{84A81651-C43C-4B47-A94D-20E48F92D653}.Debug|Any CPU.ActiveCfg = Debug|Any CPU
		{84A81651-C43C-4B47-A94D-20E48F92D653}.Debug|Any CPU.Build.0 = Debug|Any CPU
		{84A81651-C43C-4B47-A94D-20E48F92D653}.Release|Any CPU.ActiveCfg = Release|Any CPU
		{84A81651-C43C-4B47-A94D-20E48F92D653}.Release|Any CPU.Build.0 = Release|Any CPU
	EndGlobalSection
	GlobalSection(SolutionProperties) = preSolution
		HideSolutionNode = FALSE
	EndGlobalSection
	GlobalSection(ExtensibilityGlobals) = postSolution
		SolutionGuid = {38AC0518-C2BE-4FFA-8365-7B04E5B2BF8F}
	EndGlobalSection
EndGlobal
